// !$*UTF8*$!
{
	archiveVersion = 1;
	classes = {
	};
	objectVersion = 46;
	objects = {

/* Begin PBXBuildFile section */
		D47AE7871B397DC600022743 /* main.cpp in Sources */ = {isa = PBXBuildFile; fileRef = D47AE7861B397DC600022743 /* main.cpp */; };
		D47AE7911B397E0800022743 /* DexHacker.cpp in Sources */ = {isa = PBXBuildFile; fileRef = D47AE78D1B397E0800022743 /* DexHacker.cpp */; };
		D47AE7921B397E0800022743 /* base64.c in Sources */ = {isa = PBXBuildFile; fileRef = D47AE78F1B397E0800022743 /* base64.c */; };
/* End PBXBuildFile section */

/* Begin PBXCopyFilesBuildPhase section */
		D47AE7811B397DC600022743 /* CopyFiles */ = {
			isa = PBXCopyFilesBuildPhase;
			buildActionMask = 2147483647;
			dstPath = /usr/share/man/man1/;
			dstSubfolderSpec = 0;
			files = (
			);
			runOnlyForDeploymentPostprocessing = 1;
		};
/* End PBXCopyFilesBuildPhase section */

/* Begin PBXFileReference section */
		D47AE7831B397DC600022743 /* DexHacker */ = {isa = PBXFileReference; explicitFileType = "compiled.mach-o.executable"; includeInIndex = 0; path = DexHacker; sourceTree = BUILT_PRODUCTS_DIR; };
		D47AE7861B397DC600022743 /* main.cpp */ = {isa = PBXFileReference; lastKnownFileType = sourcecode.cpp.cpp; path = main.cpp; sourceTree = "<group>"; };
		D47AE78D1B397E0800022743 /* DexHacker.cpp */ = {isa = PBXFileReference; fileEncoding = 4; lastKnownFileType = sourcecode.cpp.cpp; path = DexHacker.cpp; sourceTree = "<group>"; };
		D47AE78E1B397E0800022743 /* DexHacker.h */ = {isa = PBXFileReference; fileEncoding = 4; lastKnownFileType = sourcecode.c.h; path = DexHacker.h; sourceTree = "<group>"; };
		D47AE78F1B397E0800022743 /* base64.c */ = {isa = PBXFileReference; fileEncoding = 4; lastKnownFileType = sourcecode.c.c; path = base64.c; sourceTree = "<group>"; };
		D47AE7901B397E0800022743 /* base64.h */ = {isa = PBXFileReference; fileEncoding = 4; lastKnownFileType = sourcecode.c.h; path = base64.h; sourceTree = "<group>"; };
/* End PBXFileReference section */

/* Begin PBXFrameworksBuildPhase section */
		D47AE7801B397DC600022743 /* Frameworks */ = {
			isa = PBXFrameworksBuildPhase;
			buildActionMask = 2147483647;
			files = (
			);
			runOnlyForDeploymentPostprocessing = 0;
		};
/* End PBXFrameworksBuildPhase section */

/* Begin PBXGroup section */
		D47AE77A1B397DC600022743 = {
			isa = PBXGroup;
			children = (
				D47AE7851B397DC600022743 /* DexHacker */,
				D47AE7841B397DC600022743 /* Products */,
			);
			sourceTree = "<group>";
		};
		D47AE7841B397DC600022743 /* Products */ = {
			isa = PBXGroup;
			children = (
				D47AE7831B397DC600022743 /* DexHacker */,
			);
			name = Products;
			sourceTree = "<group>";
		};
		D47AE7851B397DC600022743 /* DexHacker */ = {
			isa = PBXGroup;
			children = (
				D47AE78D1B397E0800022743 /* DexHacker.cpp */,
				D47AE78E1B397E0800022743 /* DexHacker.h */,
				D47AE78F1B397E0800022743 /* base64.c */,
				D47AE7901B397E0800022743 /* base64.h */,
				D47AE7861B397DC600022743 /* main.cpp */,
			);
			path = DexHacker;
			sourceTree = "<group>";
		};
/* End PBXGroup section */

/* Begin PBXNativeTarget section */
		D47AE7821B397DC600022743 /* DexHacker */ = {
			isa = PBXNativeTarget;
			buildConfigurationList = D47AE78A1B397DC600022743 /* Build configuration list for PBXNativeTarget "DexHacker" */;
			buildPhases = (
				D47AE77F1B397DC600022743 /* Sources */,
				D47AE7801B397DC600022743 /* Frameworks */,
				D47AE7811B397DC600022743 /* CopyFiles */,
			);
			buildRules = (
			);
			dependencies = (
			);
			name = DexHacker;
			productName = DexHacker;
			productReference = D47AE7831B397DC600022743 /* DexHacker */;
			productType = "com.apple.product-type.tool";
		};
/* End PBXNativeTarget section */

/* Begin PBXProject section */
		D47AE77B1B397DC600022743 /* Project object */ = {
			isa = PBXProject;
			attributes = {
				LastUpgradeCheck = 0630;
				ORGANIZATIONNAME = BunnyBlue;
				TargetAttributes = {
					D47AE7821B397DC600022743 = {
						CreatedOnToolsVersion = 6.3.2;
					};
				};
			};
			buildConfigurationList = D47AE77E1B397DC600022743 /* Build configuration list for PBXProject "DexHacker" */;
			compatibilityVersion = "Xcode 3.2";
			developmentRegion = English;
			hasScannedForEncodings = 0;
			knownRegions = (
				en,
			);
			mainGroup = D47AE77A1B397DC600022743;
			productRefGroup = D47AE7841B397DC600022743 /* Products */;
			projectDirPath = "";
			projectRoot = "";
			targets = (
				D47AE7821B397DC600022743 /* DexHacker */,
			);
		};
/* End PBXProject section */

/* Begin PBXSourcesBuildPhase section */
		D47AE77F1B397DC600022743 /* Sources */ = {
			isa = PBXSourcesBuildPhase;
			buildActionMask = 2147483647;
			files = (
				D47AE7871B397DC600022743 /* main.cpp in Sources */,
				D47AE7921B397E0800022743 /* base64.c in Sources */,
				D47AE7911B397E0800022743 /* DexHacker.cpp in Sources */,
			);
			runOnlyForDeploymentPostprocessing = 0;
		};
/* End PBXSourcesBuildPhase section */

/* Begin XCBuildConfiguration section */
		D47AE7881B397DC600022743 /* Debug */ = {
			isa = XCBuildConfiguration;
			buildSettings = {
				ALWAYS_SEARCH_USER_PATHS = NO;
				CLANG_CXX_LANGUAGE_STANDARD = "gnu++0x";
				CLANG_CXX_LIBRARY = "libc++";
				CLANG_ENABLE_MODULES = YES;
				CLANG_ENABLE_OBJC_ARC = YES;
				CLANG_WARN_BOOL_CONVERSION = YES;
				CLANG_WARN_CONSTANT_CONVERSION = YES;
				CLANG_WARN_DIRECT_OBJC_ISA_USAGE = YES_ERROR;
				CLANG_WARN_EMPTY_BODY = YES;
				CLANG_WARN_ENUM_CONVERSION = YES;
				CLANG_WARN_INT_CONVERSION = YES;
				CLANG_WARN_OBJC_ROOT_CLASS = YES_ERROR;
				CLANG_WARN_UNREACHABLE_CODE = YES;
				CLANG_WARN__DUPLICATE_METHOD_MATCH = YES;
				COPY_PHASE_STRIP = NO;
				DEBUG_INFORMATION_FORMAT = dwarf;
				ENABLE_STRICT_OBJC_MSGSEND = YES;
				GCC_C_LANGUAGE_STANDARD = gnu99;
				GCC_DYNAMIC_NO_PIC = NO;
				GCC_NO_COMMON_BLOCKS = YES;
				GCC_OPTIMIZATION_LEVEL = 0;
				GCC_PREPROCESSOR_DEFINITIONS = (
					"DEBUG=1",
					"$(inherited)",
				);
				GCC_SYMBOLS_PRIVATE_EXTERN = NO;
				GCC_WARN_64_TO_32_BIT_CONVERSION = YES;
				GCC_WARN_ABOUT_RETURN_TYPE = YES_ERROR;
				GCC_WARN_UNDECLARED_SELECTOR = YES;
				GCC_WARN_UNINITIALIZED_AUTOS = YES_AGGRESSIVE;
				GCC_WARN_UNUSED_FUNCTION = YES;
				GCC_WARN_UNUSED_VARIABLE = YES;
				MACOSX_DEPLOYMENT_TARGET = 10.11;
				MTL_ENABLE_DEBUG_INFO = YES;
				ONLY_ACTIVE_ARCH = YES;
				SDKROOT = macosx;
			};
			name = Debug;
		};
		D47AE7891B397DC600022743 /* Release */ = {
			isa = XCBuildConfiguration;
			buildSettings = {
				ALWAYS_SEARCH_USER_PATHS = NO;
				CLANG_CXX_LANGUAGE_STANDARD = "gnu++0x";
				CLANG_CXX_LIBRARY = "libc++";
				CLANG_ENABLE_MODULES = YES;
				CLANG_ENABLE_OBJC_ARC = YES;
				CLANG_WARN_BOOL_CONVERSION = YES;
				CLANG_WARN_CONSTANT_CONVERSION = YES;
				CLANG_WARN_DIRECT_OBJC_ISA_USAGE = YES_ERROR;
				CLANG_WARN_EMPTY_BODY = YES;
				CLANG_WARN_ENUM_CONVERSION = YES;
				CLANG_WARN_INT_CONVERSION = YES;
				CLANG_WARN_OBJC_ROOT_CLASS = YES_ERROR;
				CLANG_WARN_UNREACHABLE_CODE = YES;
				CLANG_WARN__DUPLICATE_METHOD_MATCH = YES;
				COPY_PHASE_STRIP = NO;
				DEBUG_INFORMATION_FORMAT = "dwarf-with-dsym";
				ENABLE_NS_ASSERTIONS = NO;
				ENABLE_STRICT_OBJC_MSGSEND = YES;
				GCC_C_LANGUAGE_STANDARD = gnu99;
				GCC_NO_COMMON_BLOCKS = YES;
				GCC_WARN_64_TO_32_BIT_CONVERSION = YES;
				GCC_WARN_ABOUT_RETURN_TYPE = YES_ERROR;
				GCC_WARN_UNDECLARED_SELECTOR = YES;
				GCC_WARN_UNINITIALIZED_AUTOS = YES_AGGRESSIVE;
				GCC_WARN_UNUSED_FUNCTION = YES;
				GCC_WARN_UNUSED_VARIABLE = YES;
				MACOSX_DEPLOYMENT_TARGET = 10.11;
				MTL_ENABLE_DEBUG_INFO = NO;
				SDKROOT = macosx;
			};
			name = Release;
		};
		D47AE78B1B397DC600022743 /* Debug */ = {
			isa = XCBuildConfiguration;
			buildSettings = {
				PRODUCT_NAME = "$(TARGET_NAME)";
			};
			name = Debug;
		};
		D47AE78C1B397DC600022743 /* Release */ = {
			isa = XCBuildConfiguration;
			buildSettings = {
				PRODUCT_NAME = "$(TARGET_NAME)";
			};
			name = Release;
		};
/* End XCBuildConfiguration section */

/* Begin XCConfigurationList section */
		D47AE77E1B397DC600022743 /* Build configuration list for PBXProject "DexHacker" */ = {
			isa = XCConfigurationList;
			buildConfigurations = (
				D47AE7881B397DC600022743 /* Debug */,
				D47AE7891B397DC600022743 /* Release */,
			);
			defaultConfigurationIsVisible = 0;
			defaultConfigurationName = Release;
		};
		D47AE78A1B397DC600022743 /* Build configuration list for PBXNativeTarget "DexHacker" */ = {
			isa = XCConfigurationList;
			buildConfigurations = (
				D47AE78B1B397DC600022743 /* Debug */,
				D47AE78C1B397DC600022743 /* Release */,
			);
			defaultConfigurationIsVisible = 0;
		};
/* End XCConfigurationList section */
	};
	rootObject = D47AE77B1B397DC600022743 /* Project object */;
}
